
Microsoft Visual Studio Solution File, Format Version 12.00
# Visual Studio Version 16
VisualStudioVersion = 16.0.31624.102
MinimumVisualStudioVersion = 10.0.40219.1
Project("{FAE04EC0-301F-11D3-BF4B-00C04F79EFBC}") = "SocialNetwork", "SocialNetwork\SocialNetwork.csproj", "{D77DAF8D-FE91-4075-8195-C75E3C89CCFC}"
EndProject
Global
	GlobalSection(SolutionConfigurationPlatforms) = preSolution
		Debug|Any CPU = Debug|Any CPU
		Release|Any CPU = Release|Any CPU
	EndGlobalSection
	GlobalSection(ProjectConfigurationPlatforms) = postSolution
		{D77DAF8D-FE91-4075-8195-C75E3C89CCFC}.Debug|Any CPU.ActiveCfg = Debug|Any CPU
		{D77DAF8D-FE91-4075-8195-C75E3C89CCFC}.Debug|Any CPU.Build.0 = Debug|Any CPU
		{D77DAF8D-FE91-4075-8195-C75E3C89CCFC}.Release|Any CPU.ActiveCfg = Release|Any CPU
		{D77DAF8D-FE91-4075-8195-C75E3C89CCFC}.Release|Any CPU.Build.0 = Release|Any CPU
	EndGlobalSection
	GlobalSection(SolutionProperties) = preSolution
		HideSolutionNode = FALSE
	EndGlobalSection
	GlobalSection(ExtensibilityGlobals) = postSolution
		SolutionGuid = {0E699FB3-312B-4962-9A7B-0EF9EF96C67F}
	EndGlobalSection
EndGlobal
